
Microsoft Visual Studio Solution File, Format Version 12.00
# Visual Studio Version 16
VisualStudioVersion = 16.0.31729.503
MinimumVisualStudioVersion = 10.0.40219.1
Project("{FAE04EC0-301F-11D3-BF4B-00C04F79EFBC}") = "DigitalBookAPI", "DigitalBookAPI\DigitalBookAPI.csproj", "{5337EB45-2EF5-488C-BE23-F6BBED20EFB1}"
EndProject
Global
	GlobalSection(SolutionConfigurationPlatforms) = preSolution
		Debug|Any CPU = Debug|Any CPU
		Release|Any CPU = Release|Any CPU
	EndGlobalSection
	GlobalSection(ProjectConfigurationPlatforms) = postSolution
		{5337EB45-2EF5-488C-BE23-F6BBED20EFB1}.Debug|Any CPU.ActiveCfg = Debug|Any CPU
		{5337EB45-2EF5-488C-BE23-F6BBED20EFB1}.Debug|Any CPU.Build.0 = Debug|Any CPU
		{5337EB45-2EF5-488C-BE23-F6BBED20EFB1}.Release|Any CPU.ActiveCfg = Release|Any CPU
		{5337EB45-2EF5-488C-BE23-F6BBED20EFB1}.Release|Any CPU.Build.0 = Release|Any CPU
	EndGlobalSection
	GlobalSection(SolutionProperties) = preSolution
		HideSolutionNode = FALSE
	EndGlobalSection
	GlobalSection(ExtensibilityGlobals) = postSolution
		SolutionGuid = {53C186B9-E760-4171-97C4-731003A8F404}
	EndGlobalSection
EndGlobal
